
Microsoft Visual Studio Solution File, Format Version 12.00
# Visual Studio Version 17
VisualStudioVersion = 17.0.32126.317
MinimumVisualStudioVersion = 10.0.40219.1
Project("{FAE04EC0-301F-11D3-BF4B-00C04F79EFBC}") = "classes", "classes\classes.csproj", "{074A58B0-FD66-43F1-891F-C581FEA55379}"
EndProject
Global
	GlobalSection(SolutionConfigurationPlatforms) = preSolution
		Debug|Any CPU = Debug|Any CPU
		Release|Any CPU = Release|Any CPU
	EndGlobalSection
	GlobalSection(ProjectConfigurationPlatforms) = postSolution
		{074A58B0-FD66-43F1-891F-C581FEA55379}.Debug|Any CPU.ActiveCfg = Debug|Any CPU
		{074A58B0-FD66-43F1-891F-C581FEA55379}.Debug|Any CPU.Build.0 = Debug|Any CPU
		{074A58B0-FD66-43F1-891F-C581FEA55379}.Release|Any CPU.ActiveCfg = Release|Any CPU
		{074A58B0-FD66-43F1-891F-C581FEA55379}.Release|Any CPU.Build.0 = Release|Any CPU
	EndGlobalSection
	GlobalSection(SolutionProperties) = preSolution
		HideSolutionNode = FALSE
	EndGlobalSection
	GlobalSection(ExtensibilityGlobals) = postSolution
		SolutionGuid = {59B683B5-C806-464C-A2B6-CDC49154E345}
	EndGlobalSection
EndGlobal
