
Microsoft Visual Studio Solution File, Format Version 12.00
# Visual Studio Version 17
VisualStudioVersion = 17.0.32112.339
MinimumVisualStudioVersion = 10.0.40219.1
Project("{FAE04EC0-301F-11D3-BF4B-00C04F79EFBC}") = "class wok", "class wok\class wok.csproj", "{5B7063E4-B5DA-4EFA-96CE-A6EE98A94008}"
EndProject
Global
	GlobalSection(SolutionConfigurationPlatforms) = preSolution
		Debug|Any CPU = Debug|Any CPU
		Release|Any CPU = Release|Any CPU
	EndGlobalSection
	GlobalSection(ProjectConfigurationPlatforms) = postSolution
		{5B7063E4-B5DA-4EFA-96CE-A6EE98A94008}.Debug|Any CPU.ActiveCfg = Debug|Any CPU
		{5B7063E4-B5DA-4EFA-96CE-A6EE98A94008}.Debug|Any CPU.Build.0 = Debug|Any CPU
		{5B7063E4-B5DA-4EFA-96CE-A6EE98A94008}.Release|Any CPU.ActiveCfg = Release|Any CPU
		{5B7063E4-B5DA-4EFA-96CE-A6EE98A94008}.Release|Any CPU.Build.0 = Release|Any CPU
	EndGlobalSection
	GlobalSection(SolutionProperties) = preSolution
		HideSolutionNode = FALSE
	EndGlobalSection
	GlobalSection(ExtensibilityGlobals) = postSolution
		SolutionGuid = {071508D6-D6D5-4E70-BFDC-8C5D583A3C42}
	EndGlobalSection
EndGlobal
