
Microsoft Visual Studio Solution File, Format Version 12.00
# Visual Studio Version 17
VisualStudioVersion = 17.0.32126.317
MinimumVisualStudioVersion = 10.0.40219.1
Project("{FAE04EC0-301F-11D3-BF4B-00C04F79EFBC}") = "Address book bot", "Address book bot\Address book bot.csproj", "{9A4A9385-18CB-45CA-BD20-2360F8AB338D}"
EndProject
Global
	GlobalSection(SolutionConfigurationPlatforms) = preSolution
		Debug|Any CPU = Debug|Any CPU
		Release|Any CPU = Release|Any CPU
	EndGlobalSection
	GlobalSection(ProjectConfigurationPlatforms) = postSolution
		{9A4A9385-18CB-45CA-BD20-2360F8AB338D}.Debug|Any CPU.ActiveCfg = Debug|Any CPU
		{9A4A9385-18CB-45CA-BD20-2360F8AB338D}.Debug|Any CPU.Build.0 = Debug|Any CPU
		{9A4A9385-18CB-45CA-BD20-2360F8AB338D}.Release|Any CPU.ActiveCfg = Release|Any CPU
		{9A4A9385-18CB-45CA-BD20-2360F8AB338D}.Release|Any CPU.Build.0 = Release|Any CPU
	EndGlobalSection
	GlobalSection(SolutionProperties) = preSolution
		HideSolutionNode = FALSE
	EndGlobalSection
	GlobalSection(ExtensibilityGlobals) = postSolution
		SolutionGuid = {E3A6008A-CA5F-4D6C-98C5-FE835EC9B9BE}
	EndGlobalSection
EndGlobal
