
Microsoft Visual Studio Solution File, Format Version 12.00
# Visual Studio Version 17
VisualStudioVersion = 17.0.32126.317
MinimumVisualStudioVersion = 10.0.40219.1
Project("{FAE04EC0-301F-11D3-BF4B-00C04F79EFBC}") = "properties and indexes", "properties and indexes\properties and indexes.csproj", "{CADA2621-2F2D-4231-9082-D7547942B49A}"
EndProject
Global
	GlobalSection(SolutionConfigurationPlatforms) = preSolution
		Debug|Any CPU = Debug|Any CPU
		Release|Any CPU = Release|Any CPU
	EndGlobalSection
	GlobalSection(ProjectConfigurationPlatforms) = postSolution
		{CADA2621-2F2D-4231-9082-D7547942B49A}.Debug|Any CPU.ActiveCfg = Debug|Any CPU
		{CADA2621-2F2D-4231-9082-D7547942B49A}.Debug|Any CPU.Build.0 = Debug|Any CPU
		{CADA2621-2F2D-4231-9082-D7547942B49A}.Release|Any CPU.ActiveCfg = Release|Any CPU
		{CADA2621-2F2D-4231-9082-D7547942B49A}.Release|Any CPU.Build.0 = Release|Any CPU
	EndGlobalSection
	GlobalSection(SolutionProperties) = preSolution
		HideSolutionNode = FALSE
	EndGlobalSection
	GlobalSection(ExtensibilityGlobals) = postSolution
		SolutionGuid = {A6E60503-C5A0-42F1-9708-198C61C8A433}
	EndGlobalSection
EndGlobal
