
Microsoft Visual Studio Solution File, Format Version 12.00
# Visual Studio Version 17
VisualStudioVersion = 17.0.32126.317
MinimumVisualStudioVersion = 10.0.40219.1
Project("{FAE04EC0-301F-11D3-BF4B-00C04F79EFBC}") = "Classes and methods", "Classes and methods\Classes and methods.csproj", "{91753BE1-1815-426E-944A-AFC0B3728AB4}"
EndProject
Global
	GlobalSection(SolutionConfigurationPlatforms) = preSolution
		Debug|Any CPU = Debug|Any CPU
		Release|Any CPU = Release|Any CPU
	EndGlobalSection
	GlobalSection(ProjectConfigurationPlatforms) = postSolution
		{91753BE1-1815-426E-944A-AFC0B3728AB4}.Debug|Any CPU.ActiveCfg = Debug|Any CPU
		{91753BE1-1815-426E-944A-AFC0B3728AB4}.Debug|Any CPU.Build.0 = Debug|Any CPU
		{91753BE1-1815-426E-944A-AFC0B3728AB4}.Release|Any CPU.ActiveCfg = Release|Any CPU
		{91753BE1-1815-426E-944A-AFC0B3728AB4}.Release|Any CPU.Build.0 = Release|Any CPU
	EndGlobalSection
	GlobalSection(SolutionProperties) = preSolution
		HideSolutionNode = FALSE
	EndGlobalSection
	GlobalSection(ExtensibilityGlobals) = postSolution
		SolutionGuid = {B683F499-6F8A-425A-970E-AD3312ECFCBD}
	EndGlobalSection
EndGlobal
