
Microsoft Visual Studio Solution File, Format Version 12.00
# Visual Studio Version 17
VisualStudioVersion = 17.0.32112.339
MinimumVisualStudioVersion = 10.0.40219.1
Project("{FAE04EC0-301F-11D3-BF4B-00C04F79EFBC}") = "Inheritance", "Inheritance\Inheritance.csproj", "{D65F1A13-913A-4B68-A839-7988F34175D2}"
EndProject
Global
	GlobalSection(SolutionConfigurationPlatforms) = preSolution
		Debug|Any CPU = Debug|Any CPU
		Release|Any CPU = Release|Any CPU
	EndGlobalSection
	GlobalSection(ProjectConfigurationPlatforms) = postSolution
		{D65F1A13-913A-4B68-A839-7988F34175D2}.Debug|Any CPU.ActiveCfg = Debug|Any CPU
		{D65F1A13-913A-4B68-A839-7988F34175D2}.Debug|Any CPU.Build.0 = Debug|Any CPU
		{D65F1A13-913A-4B68-A839-7988F34175D2}.Release|Any CPU.ActiveCfg = Release|Any CPU
		{D65F1A13-913A-4B68-A839-7988F34175D2}.Release|Any CPU.Build.0 = Release|Any CPU
	EndGlobalSection
	GlobalSection(SolutionProperties) = preSolution
		HideSolutionNode = FALSE
	EndGlobalSection
	GlobalSection(ExtensibilityGlobals) = postSolution
		SolutionGuid = {340C83D1-C2BE-47F5-B74D-AB967AD30959}
	EndGlobalSection
EndGlobal
