
Microsoft Visual Studio Solution File, Format Version 12.00
# Visual Studio Version 17
VisualStudioVersion = 17.0.32112.339
MinimumVisualStudioVersion = 10.0.40219.1
Project("{FAE04EC0-301F-11D3-BF4B-00C04F79EFBC}") = "Temperature bot", "Temperature bot\Temperature bot.csproj", "{4A96CBDC-BEBB-4BB1-9EEE-2DF83DDC396D}"
EndProject
Global
	GlobalSection(SolutionConfigurationPlatforms) = preSolution
		Debug|Any CPU = Debug|Any CPU
		Release|Any CPU = Release|Any CPU
	EndGlobalSection
	GlobalSection(ProjectConfigurationPlatforms) = postSolution
		{4A96CBDC-BEBB-4BB1-9EEE-2DF83DDC396D}.Debug|Any CPU.ActiveCfg = Debug|Any CPU
		{4A96CBDC-BEBB-4BB1-9EEE-2DF83DDC396D}.Debug|Any CPU.Build.0 = Debug|Any CPU
		{4A96CBDC-BEBB-4BB1-9EEE-2DF83DDC396D}.Release|Any CPU.ActiveCfg = Release|Any CPU
		{4A96CBDC-BEBB-4BB1-9EEE-2DF83DDC396D}.Release|Any CPU.Build.0 = Release|Any CPU
	EndGlobalSection
	GlobalSection(SolutionProperties) = preSolution
		HideSolutionNode = FALSE
	EndGlobalSection
	GlobalSection(ExtensibilityGlobals) = postSolution
		SolutionGuid = {47566F12-04E0-45CC-A890-13191B940E62}
	EndGlobalSection
EndGlobal
